
Microsoft Visual Studio Solution File, Format Version 12.00
# Visual Studio Version 17
VisualStudioVersion = 17.0.32014.148
MinimumVisualStudioVersion = 10.0.40219.1
Project("{8BC9CEB8-8B4A-11D0-8D11-00A0C91BC942}") = "Chapter1_BasicTemplate", "Chapter1_BasicTemplate\Chapter1_BasicTemplate.vcxproj", "{7EBBE80E-B550-4F0B-AF97-55503C50961E}"
EndProject
Project("{8BC9CEB8-8B4A-11D0-8D11-00A0C91BC942}") = "Chapter2_Diffuse", "Chapter2_Diffuse\Chapter2_Diffuse.vcxproj", "{7BB8245D-70C4-425E-9D82-5A0B182D8799}"
EndProject
Project("{8BC9CEB8-8B4A-11D0-8D11-00A0C91BC942}") = "Chapter2_ADS", "Chapter2_ADS\Chapter2_ADS.vcxproj", "{FD8BEBFC-4CA0-47A6-9DFC-32B34C72B404}"
EndProject
Project("{8BC9CEB8-8B4A-11D0-8D11-00A0C91BC942}") = "Chapter2_TwoSides", "Chapter2_TwoSides\Chapter2_TwoSides.vcxproj", "{47FFF0B5-D00A-4DDA-9D47-9642A6510BC6}"
EndProject
Project("{8BC9CEB8-8B4A-11D0-8D11-00A0C91BC942}") = "Chapter2_Flat", "Chapter2_Flat\Chapter2_Flat.vcxproj", "{8EAE59A6-34FA-4CF0-AC2D-C319B6C16158}"
EndProject
Project("{8BC9CEB8-8B4A-11D0-8D11-00A0C91BC942}") = "Chapter2_Subroutine", "Chapter2_Subroutine\Chapter2_Subroutine.vcxproj", "{B3D81675-2D3C-4E34-9B73-C4D1788ABD6C}"
EndProject
Project("{8BC9CEB8-8B4A-11D0-8D11-00A0C91BC942}") = "Chapter2_Discard", "Chapter2_Discard\Chapter2_Discard.vcxproj", "{0690F751-9EF6-4CC3-A98B-3223A447ECA3}"
EndProject
Project("{8BC9CEB8-8B4A-11D0-8D11-00A0C91BC942}") = "Chapter3_MultipleLights", "Chapter3_MultipleLights\Chapter3_MultipleLights.vcxproj", "{297C121A-EF02-44CB-B60B-878C407F3E24}"
EndProject
Project("{8BC9CEB8-8B4A-11D0-8D11-00A0C91BC942}") = "Chapter3_Directional", "Chapter3_Directional\Chapter3_Directional.vcxproj", "{673A7FBB-C42F-4EA0-BE34-0128E35C2A01}"
EndProject
Project("{8BC9CEB8-8B4A-11D0-8D11-00A0C91BC942}") = "Chapter3_Perfragment", "Chapter3_Perfragment\Chapter3_Perfragment.vcxproj", "{1726CFFF-A229-423C-AF6F-56436F149A0A}"
EndProject
Project("{8BC9CEB8-8B4A-11D0-8D11-00A0C91BC942}") = "Chapter3_Spotlight", "Chapter3_Spotlight\Chapter3_Spotlight.vcxproj", "{6430275F-F489-4CF6-802F-5FDBE4247907}"
EndProject
Project("{8BC9CEB8-8B4A-11D0-8D11-00A0C91BC942}") = "Chapter3_Toonshading", "Chapter3_Toonshading\Chapter3_Toonshading.vcxproj", "{9287B456-B050-400C-A4C9-C04D72E45D5A}"
EndProject
Project("{8BC9CEB8-8B4A-11D0-8D11-00A0C91BC942}") = "Chapter3_Fog", "Chapter3_Fog\Chapter3_Fog.vcxproj", "{5597DE3F-7045-429C-AA36-F0E45B2974A9}"
EndProject
Project("{8BC9CEB8-8B4A-11D0-8D11-00A0C91BC942}") = "Chapter4_Texture", "Chapter4_Texture\Chapter4_Texture.vcxproj", "{762A37B3-39D3-4DA7-BC25-7477695FCBC1}"
EndProject
Project("{8BC9CEB8-8B4A-11D0-8D11-00A0C91BC942}") = "Chapter4_MultiTexture", "Chapter4_MultiTexture\Chapter4_MultiTexture.vcxproj", "{5BB1C3AD-06A4-4D7B-9923-7A743E605E59}"
EndProject
Project("{8BC9CEB8-8B4A-11D0-8D11-00A0C91BC942}") = "Chapter4_Alphatest", "Chapter4_Alphatest\Chapter4_Alphatest.vcxproj", "{62AD458F-768B-4541-8C52-7D1AE9861F50}"
EndProject
Project("{8BC9CEB8-8B4A-11D0-8D11-00A0C91BC942}") = "Chapter4_NormalMapping", "Chapter4_NormalMapping\Chapter4_NormalMapping.vcxproj", "{9791516F-B76C-4BD4-AD42-8000A21C5961}"
EndProject
Project("{8BC9CEB8-8B4A-11D0-8D11-00A0C91BC942}") = "Chapter4_CubemapReflect", "Chapter4_CubemapReflect\Chapter4_CubemapReflect.vcxproj", "{F982F94C-1787-458C-9D8E-E2A12DC2D60E}"
EndProject
Project("{8BC9CEB8-8B4A-11D0-8D11-00A0C91BC942}") = "Chapter4_CubemapRefract", "Chapter4_CubemapRefract\Chapter4_CubemapRefract.vcxproj", "{47207F0B-DC58-4B96-9289-A1E4F0794CFD}"
EndProject
Project("{8BC9CEB8-8B4A-11D0-8D11-00A0C91BC942}") = "Chapter4_ProjectTexture", "Chapter4_ProjectTexture\Chapter4_ProjectTexture.vcxproj", "{91C749B4-E29C-489F-8877-DF4B35E6B682}"
EndProject
Project("{8BC9CEB8-8B4A-11D0-8D11-00A0C91BC942}") = "Chapter4_RenderToTexture", "Chapter4_RenderToTexture\Chapter4_RenderToTexture.vcxproj", "{2C90E342-1A49-4654-80D2-26E0E4B18C00}"
EndProject
Project("{8BC9CEB8-8B4A-11D0-8D11-00A0C91BC942}") = "Chapter4_SamplerObject", "Chapter4_SamplerObject\Chapter4_SamplerObject.vcxproj", "{B0ABA3C9-8C66-43BD-8F96-C1A449DE5110}"
EndProject
Project("{8BC9CEB8-8B4A-11D0-8D11-00A0C91BC942}") = "Chapter5_Edge", "Chapter5_Edge\Chapter5_Edge.vcxproj", "{7AD1693B-48DF-4AB0-9FF3-D9FD593AE3F0}"
EndProject
Project("{8BC9CEB8-8B4A-11D0-8D11-00A0C91BC942}") = "Chapter5_Blur", "Chapter5_Blur\Chapter5_Blur.vcxproj", "{E3819D62-931D-4272-8C71-074CCE414BF0}"
EndProject
Project("{8BC9CEB8-8B4A-11D0-8D11-00A0C91BC942}") = "Chapter5_ToneMapping", "Chapter5_ToneMapping\Chapter5_ToneMapping.vcxproj", "{2B6E6838-2E9B-45D4-8F37-60F012883250}"
EndProject
Project("{8BC9CEB8-8B4A-11D0-8D11-00A0C91BC942}") = "Chapter5_HDRBloom", "Chapter5_HDRBloom\Chapter5_HDRBloom.vcxproj", "{29DC07FB-4196-4E70-9F7E-9F050F48F354}"
EndProject
Project("{8BC9CEB8-8B4A-11D0-8D11-00A0C91BC942}") = "Chapter5_Gamma", "Chapter5_Gamma\Chapter5_Gamma.vcxproj", "{E8D6DA20-0007-45EC-BCA2-C016648595C6}"
EndProject
Project("{8BC9CEB8-8B4A-11D0-8D11-00A0C91BC942}") = "Chapter5_MSAA", "Chapter5_MSAA\Chapter5_MSAA.vcxproj", "{9061049A-9823-4AF4-AB5A-596474F55472}"
EndProject
Project("{8BC9CEB8-8B4A-11D0-8D11-00A0C91BC942}") = "Chapter5_Deferred", "Chapter5_Deferred\Chapter5_Deferred.vcxproj", "{B6C07E49-3465-4986-A970-69165E462908}"
EndProject
Project("{8BC9CEB8-8B4A-11D0-8D11-00A0C91BC942}") = "Chapter5_OIT", "Chapter5_OIT\Chapter5_OIT.vcxproj", "{D1ED2023-3A18-42AE-890F-E1F13222CBA4}"
EndProject
Project("{8BC9CEB8-8B4A-11D0-8D11-00A0C91BC942}") = "Chapter6_PointSprite", "Chapter6_PointSprite\Chapter6_PointSprite.vcxproj", "{E7A43DD1-54BF-4D8D-AC6A-9BB09BDA81B6}"
EndProject
Project("{8BC9CEB8-8B4A-11D0-8D11-00A0C91BC942}") = "Chapter6_ShaderWire", "Chapter6_ShaderWire\Chapter6_ShaderWire.vcxproj", "{05EF28D3-5CD4-4735-BAA2-A086AF0C7DCC}"
EndProject
Project("{8BC9CEB8-8B4A-11D0-8D11-00A0C91BC942}") = "Chapter6_Silhouette", "Chapter6_Silhouette\Chapter6_Silhouette.vcxproj", "{7C1A2054-6DAE-4825-BC14-45F08C9C7B78}"
EndProject
Project("{8BC9CEB8-8B4A-11D0-8D11-00A0C91BC942}") = "Chapter6_BezCurve", "Chapter6_BezCurve\Chapter6_BezCurve.vcxproj", "{B17A472F-CA9B-4491-8182-BFE9F67569EE}"
EndProject
Project("{8BC9CEB8-8B4A-11D0-8D11-00A0C91BC942}") = "Chapter6_QuadTess", "Chapter6_QuadTess\Chapter6_QuadTess.vcxproj", "{2AA50576-3764-4B46-8418-8A7E3B702BAD}"
EndProject
Project("{8BC9CEB8-8B4A-11D0-8D11-00A0C91BC942}") = "Chapter6_TessTeapot", "Chapter6_TessTeapot\Chapter6_TessTeapot.vcxproj", "{77C3CF5D-E581-4B44-941C-5B3FA0A26FC3}"
EndProject
Project("{8BC9CEB8-8B4A-11D0-8D11-00A0C91BC942}") = "Chapter6_TessTeapotDepth", "Chapter6_TessTeapotDepth\Chapter6_TessTeapotDepth.vcxproj", "{399C8AC7-C462-4340-9BCB-5D9BE9AC86A9}"
EndProject
Project("{8BC9CEB8-8B4A-11D0-8D11-00A0C91BC942}") = "Chapter7_ShadowMap", "Chapter7_ShadowMap\Chapter7_ShadowMap.vcxproj", "{DA3DBA66-816C-40D4-A7C5-4CA40F692D3B}"
EndProject
Project("{8BC9CEB8-8B4A-11D0-8D11-00A0C91BC942}") = "Chapter7_PCF", "Chapter7_PCF\Chapter7_PCF.vcxproj", "{32F5E091-F2C0-4D4E-A7E4-3785F316AE18}"
EndProject
Project("{8BC9CEB8-8B4A-11D0-8D11-00A0C91BC942}") = "Chapter7_Jitter", "Chapter7_Jitter\Chapter7_Jitter.vcxproj", "{6D7EAD6A-01A9-48E0-AF9C-1AA66B458C1A}"
EndProject
Project("{8BC9CEB8-8B4A-11D0-8D11-00A0C91BC942}") = "Chapter8_Noise", "Chapter8_Noise\Chapter8_Noise.vcxproj", "{A08FE8DC-1E6D-4F9E-BA3A-3B046F8B4B40}"
EndProject
Project("{8BC9CEB8-8B4A-11D0-8D11-00A0C91BC942}") = "Chapter8_Sky", "Chapter8_Sky\Chapter8_Sky.vcxproj", "{C63A31B7-EC7D-4387-B85B-2A10F39AA550}"
EndProject
Project("{8BC9CEB8-8B4A-11D0-8D11-00A0C91BC942}") = "Chapter8_Wood", "Chapter8_Wood\Chapter8_Wood.vcxproj", "{855D4448-49B2-4254-9B2C-89235739F575}"
EndProject
Project("{8BC9CEB8-8B4A-11D0-8D11-00A0C91BC942}") = "Chapter8_Decay", "Chapter8_Decay\Chapter8_Decay.vcxproj", "{7A916C04-7561-4B61-9984-1F9E0C72449B}"
EndProject
Project("{8BC9CEB8-8B4A-11D0-8D11-00A0C91BC942}") = "Chapter8_Paint", "Chapter8_Paint\Chapter8_Paint.vcxproj", "{9D534668-DF03-4578-9CEA-37F14D6FAA47}"
EndProject
Project("{8BC9CEB8-8B4A-11D0-8D11-00A0C91BC942}") = "Chapter8_NightVision", "Chapter8_NightVision\Chapter8_NightVision.vcxproj", "{7345AEEF-B355-4BD9-A575-F891F41CEBED}"
EndProject
Project("{8BC9CEB8-8B4A-11D0-8D11-00A0C91BC942}") = "Chapter9_Wave", "Chapter9_Wave\Chapter9_Wave.vcxproj", "{677974B3-9A7D-4ACC-9E7A-5B4E582A1E54}"
EndProject
Project("{8BC9CEB8-8B4A-11D0-8D11-00A0C91BC942}") = "Chapter9_Particles", "Chapter9_Particles\Chapter9_Particles.vcxproj", "{4ED4643A-5A60-4657-B2CE-38187D648465}"
EndProject
Project("{8BC9CEB8-8B4A-11D0-8D11-00A0C91BC942}") = "Chapter9_ParticlesFeedback", "Chapter9_ParticlesFeedback\Chapter9_ParticlesFeedback.vcxproj", "{7C5728B8-86AB-449E-BC2C-0FE5F165F241}"
EndProject
Project("{8BC9CEB8-8B4A-11D0-8D11-00A0C91BC942}") = "Chapter9_ParticleInstanced", "Chapter9_ParticleInstanced\Chapter9_ParticleInstanced.vcxproj", "{B4DC8185-D58A-4BBE-8855-A1B9292EDE67}"
EndProject
Project("{8BC9CEB8-8B4A-11D0-8D11-00A0C91BC942}") = "Chapter9_Fire", "Chapter9_Fire\Chapter9_Fire.vcxproj", "{4F086C5C-7C20-4439-B954-658FD36EE5C1}"
EndProject
Project("{8BC9CEB8-8B4A-11D0-8D11-00A0C91BC942}") = "Chapter9_Smoke", "Chapter9_Smoke\Chapter9_Smoke.vcxproj", "{409B0548-D42F-4610-8A81-40810C6DD1C3}"
EndProject
Project("{8BC9CEB8-8B4A-11D0-8D11-00A0C91BC942}") = "Chapter10_Particles", "Chapter10_Particles\Chapter10_Particles.vcxproj", "{6AC99F08-8FEB-4391-BA22-B80D0AE42355}"
EndProject
Project("{8BC9CEB8-8B4A-11D0-8D11-00A0C91BC942}") = "Chapter10_Cloth", "Chapter10_Cloth\Chapter10_Cloth.vcxproj", "{48E126B3-5E35-46E1-9D50-110FB99F127C}"
EndProject
Project("{8BC9CEB8-8B4A-11D0-8D11-00A0C91BC942}") = "Chapter10_Edge", "Chapter10_Edge\Chapter10_Edge.vcxproj", "{168C2462-0BF7-4F34-B716-3E0F51C56704}"
EndProject
Project("{8BC9CEB8-8B4A-11D0-8D11-00A0C91BC942}") = "Chapter10_Mandelbrot", "Chapter10_Mandelbrot\Chapter10_Mandelbrot.vcxproj", "{A00A9F00-1B9D-440B-BBB9-0EB1A497980A}"
EndProject
Global
	GlobalSection(SolutionConfigurationPlatforms) = preSolution
		Debug|x64 = Debug|x64
		Debug|x86 = Debug|x86
		Release|x64 = Release|x64
		Release|x86 = Release|x86
	EndGlobalSection
	GlobalSection(ProjectConfigurationPlatforms) = postSolution
		{7EBBE80E-B550-4F0B-AF97-55503C50961E}.Debug|x64.ActiveCfg = Debug|x64
		{7EBBE80E-B550-4F0B-AF97-55503C50961E}.Debug|x64.Build.0 = Debug|x64
		{7EBBE80E-B550-4F0B-AF97-55503C50961E}.Debug|x86.ActiveCfg = Debug|Win32
		{7EBBE80E-B550-4F0B-AF97-55503C50961E}.Debug|x86.Build.0 = Debug|Win32
		{7EBBE80E-B550-4F0B-AF97-55503C50961E}.Release|x64.ActiveCfg = Release|x64
		{7EBBE80E-B550-4F0B-AF97-55503C50961E}.Release|x64.Build.0 = Release|x64
		{7EBBE80E-B550-4F0B-AF97-55503C50961E}.Release|x86.ActiveCfg = Release|Win32
		{7EBBE80E-B550-4F0B-AF97-55503C50961E}.Release|x86.Build.0 = Release|Win32
		{7BB8245D-70C4-425E-9D82-5A0B182D8799}.Debug|x64.ActiveCfg = Debug|x64
		{7BB8245D-70C4-425E-9D82-5A0B182D8799}.Debug|x64.Build.0 = Debug|x64
		{7BB8245D-70C4-425E-9D82-5A0B182D8799}.Debug|x86.ActiveCfg = Debug|Win32
		{7BB8245D-70C4-425E-9D82-5A0B182D8799}.Debug|x86.Build.0 = Debug|Win32
		{7BB8245D-70C4-425E-9D82-5A0B182D8799}.Release|x64.ActiveCfg = Release|x64
		{7BB8245D-70C4-425E-9D82-5A0B182D8799}.Release|x64.Build.0 = Release|x64
		{7BB8245D-70C4-425E-9D82-5A0B182D8799}.Release|x86.ActiveCfg = Release|Win32
		{7BB8245D-70C4-425E-9D82-5A0B182D8799}.Release|x86.Build.0 = Release|Win32
		{FD8BEBFC-4CA0-47A6-9DFC-32B34C72B404}.Debug|x64.ActiveCfg = Debug|x64
		{FD8BEBFC-4CA0-47A6-9DFC-32B34C72B404}.Debug|x64.Build.0 = Debug|x64
		{FD8BEBFC-4CA0-47A6-9DFC-32B34C72B404}.Debug|x86.ActiveCfg = Debug|Win32
		{FD8BEBFC-4CA0-47A6-9DFC-32B34C72B404}.Debug|x86.Build.0 = Debug|Win32
		{FD8BEBFC-4CA0-47A6-9DFC-32B34C72B404}.Release|x64.ActiveCfg = Release|x64
		{FD8BEBFC-4CA0-47A6-9DFC-32B34C72B404}.Release|x64.Build.0 = Release|x64
		{FD8BEBFC-4CA0-47A6-9DFC-32B34C72B404}.Release|x86.ActiveCfg = Release|Win32
		{FD8BEBFC-4CA0-47A6-9DFC-32B34C72B404}.Release|x86.Build.0 = Release|Win32
		{47FFF0B5-D00A-4DDA-9D47-9642A6510BC6}.Debug|x64.ActiveCfg = Debug|x64
		{47FFF0B5-D00A-4DDA-9D47-9642A6510BC6}.Debug|x64.Build.0 = Debug|x64
		{47FFF0B5-D00A-4DDA-9D47-9642A6510BC6}.Debug|x86.ActiveCfg = Debug|Win32
		{47FFF0B5-D00A-4DDA-9D47-9642A6510BC6}.Debug|x86.Build.0 = Debug|Win32
		{47FFF0B5-D00A-4DDA-9D47-9642A6510BC6}.Release|x64.ActiveCfg = Release|x64
		{47FFF0B5-D00A-4DDA-9D47-9642A6510BC6}.Release|x64.Build.0 = Release|x64
		{47FFF0B5-D00A-4DDA-9D47-9642A6510BC6}.Release|x86.ActiveCfg = Release|Win32
		{47FFF0B5-D00A-4DDA-9D47-9642A6510BC6}.Release|x86.Build.0 = Release|Win32
		{8EAE59A6-34FA-4CF0-AC2D-C319B6C16158}.Debug|x64.ActiveCfg = Debug|x64
		{8EAE59A6-34FA-4CF0-AC2D-C319B6C16158}.Debug|x64.Build.0 = Debug|x64
		{8EAE59A6-34FA-4CF0-AC2D-C319B6C16158}.Debug|x86.ActiveCfg = Debug|Win32
		{8EAE59A6-34FA-4CF0-AC2D-C319B6C16158}.Debug|x86.Build.0 = Debug|Win32
		{8EAE59A6-34FA-4CF0-AC2D-C319B6C16158}.Release|x64.ActiveCfg = Release|x64
		{8EAE59A6-34FA-4CF0-AC2D-C319B6C16158}.Release|x64.Build.0 = Release|x64
		{8EAE59A6-34FA-4CF0-AC2D-C319B6C16158}.Release|x86.ActiveCfg = Release|Win32
		{8EAE59A6-34FA-4CF0-AC2D-C319B6C16158}.Release|x86.Build.0 = Release|Win32
		{B3D81675-2D3C-4E34-9B73-C4D1788ABD6C}.Debug|x64.ActiveCfg = Debug|x64
		{B3D81675-2D3C-4E34-9B73-C4D1788ABD6C}.Debug|x64.Build.0 = Debug|x64
		{B3D81675-2D3C-4E34-9B73-C4D1788ABD6C}.Debug|x86.ActiveCfg = Debug|Win32
		{B3D81675-2D3C-4E34-9B73-C4D1788ABD6C}.Debug|x86.Build.0 = Debug|Win32
		{B3D81675-2D3C-4E34-9B73-C4D1788ABD6C}.Release|x64.ActiveCfg = Release|x64
		{B3D81675-2D3C-4E34-9B73-C4D1788ABD6C}.Release|x64.Build.0 = Release|x64
		{B3D81675-2D3C-4E34-9B73-C4D1788ABD6C}.Release|x86.ActiveCfg = Release|Win32
		{B3D81675-2D3C-4E34-9B73-C4D1788ABD6C}.Release|x86.Build.0 = Release|Win32
		{0690F751-9EF6-4CC3-A98B-3223A447ECA3}.Debug|x64.ActiveCfg = Debug|x64
		{0690F751-9EF6-4CC3-A98B-3223A447ECA3}.Debug|x64.Build.0 = Debug|x64
		{0690F751-9EF6-4CC3-A98B-3223A447ECA3}.Debug|x86.ActiveCfg = Debug|Win32
		{0690F751-9EF6-4CC3-A98B-3223A447ECA3}.Debug|x86.Build.0 = Debug|Win32
		{0690F751-9EF6-4CC3-A98B-3223A447ECA3}.Release|x64.ActiveCfg = Release|x64
		{0690F751-9EF6-4CC3-A98B-3223A447ECA3}.Release|x64.Build.0 = Release|x64
		{0690F751-9EF6-4CC3-A98B-3223A447ECA3}.Release|x86.ActiveCfg = Release|Win32
		{0690F751-9EF6-4CC3-A98B-3223A447ECA3}.Release|x86.Build.0 = Release|Win32
		{297C121A-EF02-44CB-B60B-878C407F3E24}.Debug|x64.ActiveCfg = Debug|x64
		{297C121A-EF02-44CB-B60B-878C407F3E24}.Debug|x64.Build.0 = Debug|x64
		{297C121A-EF02-44CB-B60B-878C407F3E24}.Debug|x86.ActiveCfg = Debug|Win32
		{297C121A-EF02-44CB-B60B-878C407F3E24}.Debug|x86.Build.0 = Debug|Win32
		{297C121A-EF02-44CB-B60B-878C407F3E24}.Release|x64.ActiveCfg = Release|x64
		{297C121A-EF02-44CB-B60B-878C407F3E24}.Release|x64.Build.0 = Release|x64
		{297C121A-EF02-44CB-B60B-878C407F3E24}.Release|x86.ActiveCfg = Release|Win32
		{297C121A-EF02-44CB-B60B-878C407F3E24}.Release|x86.Build.0 = Release|Win32
		{673A7FBB-C42F-4EA0-BE34-0128E35C2A01}.Debug|x64.ActiveCfg = Debug|x64
		{673A7FBB-C42F-4EA0-BE34-0128E35C2A01}.Debug|x64.Build.0 = Debug|x64
		{673A7FBB-C42F-4EA0-BE34-0128E35C2A01}.Debug|x86.ActiveCfg = Debug|Win32
		{673A7FBB-C42F-4EA0-BE34-0128E35C2A01}.Debug|x86.Build.0 = Debug|Win32
		{673A7FBB-C42F-4EA0-BE34-0128E35C2A01}.Release|x64.ActiveCfg = Release|x64
		{673A7FBB-C42F-4EA0-BE34-0128E35C2A01}.Release|x64.Build.0 = Release|x64
		{673A7FBB-C42F-4EA0-BE34-0128E35C2A01}.Release|x86.ActiveCfg = Release|Win32
		{673A7FBB-C42F-4EA0-BE34-0128E35C2A01}.Release|x86.Build.0 = Release|Win32
		{1726CFFF-A229-423C-AF6F-56436F149A0A}.Debug|x64.ActiveCfg = Debug|x64
		{1726CFFF-A229-423C-AF6F-56436F149A0A}.Debug|x64.Build.0 = Debug|x64
		{1726CFFF-A229-423C-AF6F-56436F149A0A}.Debug|x86.ActiveCfg = Debug|Win32
		{1726CFFF-A229-423C-AF6F-56436F149A0A}.Debug|x86.Build.0 = Debug|Win32
		{1726CFFF-A229-423C-AF6F-56436F149A0A}.Release|x64.ActiveCfg = Release|x64
		{1726CFFF-A229-423C-AF6F-56436F149A0A}.Release|x64.Build.0 = Release|x64
		{1726CFFF-A229-423C-AF6F-56436F149A0A}.Release|x86.ActiveCfg = Release|Win32
		{1726CFFF-A229-423C-AF6F-56436F149A0A}.Release|x86.Build.0 = Release|Win32
		{6430275F-F489-4CF6-802F-5FDBE4247907}.Debug|x64.ActiveCfg = Debug|x64
		{6430275F-F489-4CF6-802F-5FDBE4247907}.Debug|x64.Build.0 = Debug|x64
		{6430275F-F489-4CF6-802F-5FDBE4247907}.Debug|x86.ActiveCfg = Debug|Win32
		{6430275F-F489-4CF6-802F-5FDBE4247907}.Debug|x86.Build.0 = Debug|Win32
		{6430275F-F489-4CF6-802F-5FDBE4247907}.Release|x64.ActiveCfg = Release|x64
		{6430275F-F489-4CF6-802F-5FDBE4247907}.Release|x64.Build.0 = Release|x64
		{6430275F-F489-4CF6-802F-5FDBE4247907}.Release|x86.ActiveCfg = Release|Win32
		{6430275F-F489-4CF6-802F-5FDBE4247907}.Release|x86.Build.0 = Release|Win32
		{9287B456-B050-400C-A4C9-C04D72E45D5A}.Debug|x64.ActiveCfg = Debug|x64
		{9287B456-B050-400C-A4C9-C04D72E45D5A}.Debug|x64.Build.0 = Debug|x64
		{9287B456-B050-400C-A4C9-C04D72E45D5A}.Debug|x86.ActiveCfg = Debug|Win32
		{9287B456-B050-400C-A4C9-C04D72E45D5A}.Debug|x86.Build.0 = Debug|Win32
		{9287B456-B050-400C-A4C9-C04D72E45D5A}.Release|x64.ActiveCfg = Release|x64
		{9287B456-B050-400C-A4C9-C04D72E45D5A}.Release|x64.Build.0 = Release|x64
		{9287B456-B050-400C-A4C9-C04D72E45D5A}.Release|x86.ActiveCfg = Release|Win32
		{9287B456-B050-400C-A4C9-C04D72E45D5A}.Release|x86.Build.0 = Release|Win32
		{5597DE3F-7045-429C-AA36-F0E45B2974A9}.Debug|x64.ActiveCfg = Debug|x64
		{5597DE3F-7045-429C-AA36-F0E45B2974A9}.Debug|x64.Build.0 = Debug|x64
		{5597DE3F-7045-429C-AA36-F0E45B2974A9}.Debug|x86.ActiveCfg = Debug|Win32
		{5597DE3F-7045-429C-AA36-F0E45B2974A9}.Debug|x86.Build.0 = Debug|Win32
		{5597DE3F-7045-429C-AA36-F0E45B2974A9}.Release|x64.ActiveCfg = Release|x64
		{5597DE3F-7045-429C-AA36-F0E45B2974A9}.Release|x64.Build.0 = Release|x64
		{5597DE3F-7045-429C-AA36-F0E45B2974A9}.Release|x86.ActiveCfg = Release|Win32
		{5597DE3F-7045-429C-AA36-F0E45B2974A9}.Release|x86.Build.0 = Release|Win32
		{762A37B3-39D3-4DA7-BC25-7477695FCBC1}.Debug|x64.ActiveCfg = Debug|x64
		{762A37B3-39D3-4DA7-BC25-7477695FCBC1}.Debug|x64.Build.0 = Debug|x64
		{762A37B3-39D3-4DA7-BC25-7477695FCBC1}.Debug|x86.ActiveCfg = Debug|Win32
		{762A37B3-39D3-4DA7-BC25-7477695FCBC1}.Debug|x86.Build.0 = Debug|Win32
		{762A37B3-39D3-4DA7-BC25-7477695FCBC1}.Release|x64.ActiveCfg = Release|x64
		{762A37B3-39D3-4DA7-BC25-7477695FCBC1}.Release|x64.Build.0 = Release|x64
		{762A37B3-39D3-4DA7-BC25-7477695FCBC1}.Release|x86.ActiveCfg = Release|Win32
		{762A37B3-39D3-4DA7-BC25-7477695FCBC1}.Release|x86.Build.0 = Release|Win32
		{5BB1C3AD-06A4-4D7B-9923-7A743E605E59}.Debug|x64.ActiveCfg = Debug|x64
		{5BB1C3AD-06A4-4D7B-9923-7A743E605E59}.Debug|x64.Build.0 = Debug|x64
		{5BB1C3AD-06A4-4D7B-9923-7A743E605E59}.Debug|x86.ActiveCfg = Debug|Win32
		{5BB1C3AD-06A4-4D7B-9923-7A743E605E59}.Debug|x86.Build.0 = Debug|Win32
		{5BB1C3AD-06A4-4D7B-9923-7A743E605E59}.Release|x64.ActiveCfg = Release|x64
		{5BB1C3AD-06A4-4D7B-9923-7A743E605E59}.Release|x64.Build.0 = Release|x64
		{5BB1C3AD-06A4-4D7B-9923-7A743E605E59}.Release|x86.ActiveCfg = Release|Win32
		{5BB1C3AD-06A4-4D7B-9923-7A743E605E59}.Release|x86.Build.0 = Release|Win32
		{62AD458F-768B-4541-8C52-7D1AE9861F50}.Debug|x64.ActiveCfg = Debug|x64
		{62AD458F-768B-4541-8C52-7D1AE9861F50}.Debug|x64.Build.0 = Debug|x64
		{62AD458F-768B-4541-8C52-7D1AE9861F50}.Debug|x86.ActiveCfg = Debug|Win32
		{62AD458F-768B-4541-8C52-7D1AE9861F50}.Debug|x86.Build.0 = Debug|Win32
		{62AD458F-768B-4541-8C52-7D1AE9861F50}.Release|x64.ActiveCfg = Release|x64
		{62AD458F-768B-4541-8C52-7D1AE9861F50}.Release|x64.Build.0 = Release|x64
		{62AD458F-768B-4541-8C52-7D1AE9861F50}.Release|x86.ActiveCfg = Release|Win32
		{62AD458F-768B-4541-8C52-7D1AE9861F50}.Release|x86.Build.0 = Release|Win32
		{9791516F-B76C-4BD4-AD42-8000A21C5961}.Debug|x64.ActiveCfg = Debug|x64
		{9791516F-B76C-4BD4-AD42-8000A21C5961}.Debug|x64.Build.0 = Debug|x64
		{9791516F-B76C-4BD4-AD42-8000A21C5961}.Debug|x86.ActiveCfg = Debug|Win32
		{9791516F-B76C-4BD4-AD42-8000A21C5961}.Debug|x86.Build.0 = Debug|Win32
		{9791516F-B76C-4BD4-AD42-8000A21C5961}.Release|x64.ActiveCfg = Release|x64
		{9791516F-B76C-4BD4-AD42-8000A21C5961}.Release|x64.Build.0 = Release|x64
		{9791516F-B76C-4BD4-AD42-8000A21C5961}.Release|x86.ActiveCfg = Release|Win32
		{9791516F-B76C-4BD4-AD42-8000A21C5961}.Release|x86.Build.0 = Release|Win32
		{F982F94C-1787-458C-9D8E-E2A12DC2D60E}.Debug|x64.ActiveCfg = Debug|x64
		{F982F94C-1787-458C-9D8E-E2A12DC2D60E}.Debug|x64.Build.0 = Debug|x64
		{F982F94C-1787-458C-9D8E-E2A12DC2D60E}.Debug|x86.ActiveCfg = Debug|Win32
		{F982F94C-1787-458C-9D8E-E2A12DC2D60E}.Debug|x86.Build.0 = Debug|Win32
		{F982F94C-1787-458C-9D8E-E2A12DC2D60E}.Release|x64.ActiveCfg = Release|x64
		{F982F94C-1787-458C-9D8E-E2A12DC2D60E}.Release|x64.Build.0 = Release|x64
		{F982F94C-1787-458C-9D8E-E2A12DC2D60E}.Release|x86.ActiveCfg = Release|Win32
		{F982F94C-1787-458C-9D8E-E2A12DC2D60E}.Release|x86.Build.0 = Release|Win32
		{47207F0B-DC58-4B96-9289-A1E4F0794CFD}.Debug|x64.ActiveCfg = Debug|x64
		{47207F0B-DC58-4B96-9289-A1E4F0794CFD}.Debug|x64.Build.0 = Debug|x64
		{47207F0B-DC58-4B96-9289-A1E4F0794CFD}.Debug|x86.ActiveCfg = Debug|Win32
		{47207F0B-DC58-4B96-9289-A1E4F0794CFD}.Debug|x86.Build.0 = Debug|Win32
		{47207F0B-DC58-4B96-9289-A1E4F0794CFD}.Release|x64.ActiveCfg = Release|x64
		{47207F0B-DC58-4B96-9289-A1E4F0794CFD}.Release|x64.Build.0 = Release|x64
		{47207F0B-DC58-4B96-9289-A1E4F0794CFD}.Release|x86.ActiveCfg = Release|Win32
		{47207F0B-DC58-4B96-9289-A1E4F0794CFD}.Release|x86.Build.0 = Release|Win32
		{91C749B4-E29C-489F-8877-DF4B35E6B682}.Debug|x64.ActiveCfg = Debug|x64
		{91C749B4-E29C-489F-8877-DF4B35E6B682}.Debug|x64.Build.0 = Debug|x64
		{91C749B4-E29C-489F-8877-DF4B35E6B682}.Debug|x86.ActiveCfg = Debug|Win32
		{91C749B4-E29C-489F-8877-DF4B35E6B682}.Debug|x86.Build.0 = Debug|Win32
		{91C749B4-E29C-489F-8877-DF4B35E6B682}.Release|x64.ActiveCfg = Release|x64
		{91C749B4-E29C-489F-8877-DF4B35E6B682}.Release|x64.Build.0 = Release|x64
		{91C749B4-E29C-489F-8877-DF4B35E6B682}.Release|x86.ActiveCfg = Release|Win32
		{91C749B4-E29C-489F-8877-DF4B35E6B682}.Release|x86.Build.0 = Release|Win32
		{2C90E342-1A49-4654-80D2-26E0E4B18C00}.Debug|x64.ActiveCfg = Debug|x64
		{2C90E342-1A49-4654-80D2-26E0E4B18C00}.Debug|x64.Build.0 = Debug|x64
		{2C90E342-1A49-4654-80D2-26E0E4B18C00}.Debug|x86.ActiveCfg = Debug|Win32
		{2C90E342-1A49-4654-80D2-26E0E4B18C00}.Debug|x86.Build.0 = Debug|Win32
		{2C90E342-1A49-4654-80D2-26E0E4B18C00}.Release|x64.ActiveCfg = Release|x64
		{2C90E342-1A49-4654-80D2-26E0E4B18C00}.Release|x64.Build.0 = Release|x64
		{2C90E342-1A49-4654-80D2-26E0E4B18C00}.Release|x86.ActiveCfg = Release|Win32
		{2C90E342-1A49-4654-80D2-26E0E4B18C00}.Release|x86.Build.0 = Release|Win32
		{B0ABA3C9-8C66-43BD-8F96-C1A449DE5110}.Debug|x64.ActiveCfg = Debug|x64
		{B0ABA3C9-8C66-43BD-8F96-C1A449DE5110}.Debug|x64.Build.0 = Debug|x64
		{B0ABA3C9-8C66-43BD-8F96-C1A449DE5110}.Debug|x86.ActiveCfg = Debug|Win32
		{B0ABA3C9-8C66-43BD-8F96-C1A449DE5110}.Debug|x86.Build.0 = Debug|Win32
		{B0ABA3C9-8C66-43BD-8F96-C1A449DE5110}.Release|x64.ActiveCfg = Release|x64
		{B0ABA3C9-8C66-43BD-8F96-C1A449DE5110}.Release|x64.Build.0 = Release|x64
		{B0ABA3C9-8C66-43BD-8F96-C1A449DE5110}.Release|x86.ActiveCfg = Release|Win32
		{B0ABA3C9-8C66-43BD-8F96-C1A449DE5110}.Release|x86.Build.0 = Release|Win32
		{7AD1693B-48DF-4AB0-9FF3-D9FD593AE3F0}.Debug|x64.ActiveCfg = Debug|x64
		{7AD1693B-48DF-4AB0-9FF3-D9FD593AE3F0}.Debug|x64.Build.0 = Debug|x64
		{7AD1693B-48DF-4AB0-9FF3-D9FD593AE3F0}.Debug|x86.ActiveCfg = Debug|Win32
		{7AD1693B-48DF-4AB0-9FF3-D9FD593AE3F0}.Debug|x86.Build.0 = Debug|Win32
		{7AD1693B-48DF-4AB0-9FF3-D9FD593AE3F0}.Release|x64.ActiveCfg = Release|x64
		{7AD1693B-48DF-4AB0-9FF3-D9FD593AE3F0}.Release|x64.Build.0 = Release|x64
		{7AD1693B-48DF-4AB0-9FF3-D9FD593AE3F0}.Release|x86.ActiveCfg = Release|Win32
		{7AD1693B-48DF-4AB0-9FF3-D9FD593AE3F0}.Release|x86.Build.0 = Release|Win32
		{E3819D62-931D-4272-8C71-074CCE414BF0}.Debug|x64.ActiveCfg = Debug|x64
		{E3819D62-931D-4272-8C71-074CCE414BF0}.Debug|x64.Build.0 = Debug|x64
		{E3819D62-931D-4272-8C71-074CCE414BF0}.Debug|x86.ActiveCfg = Debug|Win32
		{E3819D62-931D-4272-8C71-074CCE414BF0}.Debug|x86.Build.0 = Debug|Win32
		{E3819D62-931D-4272-8C71-074CCE414BF0}.Release|x64.ActiveCfg = Release|x64
		{E3819D62-931D-4272-8C71-074CCE414BF0}.Release|x64.Build.0 = Release|x64
		{E3819D62-931D-4272-8C71-074CCE414BF0}.Release|x86.ActiveCfg = Release|Win32
		{E3819D62-931D-4272-8C71-074CCE414BF0}.Release|x86.Build.0 = Release|Win32
		{2B6E6838-2E9B-45D4-8F37-60F012883250}.Debug|x64.ActiveCfg = Debug|x64
		{2B6E6838-2E9B-45D4-8F37-60F012883250}.Debug|x64.Build.0 = Debug|x64
		{2B6E6838-2E9B-45D4-8F37-60F012883250}.Debug|x86.ActiveCfg = Debug|Win32
		{2B6E6838-2E9B-45D4-8F37-60F012883250}.Debug|x86.Build.0 = Debug|Win32
		{2B6E6838-2E9B-45D4-8F37-60F012883250}.Release|x64.ActiveCfg = Release|x64
		{2B6E6838-2E9B-45D4-8F37-60F012883250}.Release|x64.Build.0 = Release|x64
		{2B6E6838-2E9B-45D4-8F37-60F012883250}.Release|x86.ActiveCfg = Release|Win32
		{2B6E6838-2E9B-45D4-8F37-60F012883250}.Release|x86.Build.0 = Release|Win32
		{29DC07FB-4196-4E70-9F7E-9F050F48F354}.Debug|x64.ActiveCfg = Debug|x64
		{29DC07FB-4196-4E70-9F7E-9F050F48F354}.Debug|x64.Build.0 = Debug|x64
		{29DC07FB-4196-4E70-9F7E-9F050F48F354}.Debug|x86.ActiveCfg = Debug|Win32
		{29DC07FB-4196-4E70-9F7E-9F050F48F354}.Debug|x86.Build.0 = Debug|Win32
		{29DC07FB-4196-4E70-9F7E-9F050F48F354}.Release|x64.ActiveCfg = Release|x64
		{29DC07FB-4196-4E70-9F7E-9F050F48F354}.Release|x64.Build.0 = Release|x64
		{29DC07FB-4196-4E70-9F7E-9F050F48F354}.Release|x86.ActiveCfg = Release|Win32
		{29DC07FB-4196-4E70-9F7E-9F050F48F354}.Release|x86.Build.0 = Release|Win32
		{E8D6DA20-0007-45EC-BCA2-C016648595C6}.Debug|x64.ActiveCfg = Debug|x64
		{E8D6DA20-0007-45EC-BCA2-C016648595C6}.Debug|x64.Build.0 = Debug|x64
		{E8D6DA20-0007-45EC-BCA2-C016648595C6}.Debug|x86.ActiveCfg = Debug|Win32
		{E8D6DA20-0007-45EC-BCA2-C016648595C6}.Debug|x86.Build.0 = Debug|Win32
		{E8D6DA20-0007-45EC-BCA2-C016648595C6}.Release|x64.ActiveCfg = Release|x64
		{E8D6DA20-0007-45EC-BCA2-C016648595C6}.Release|x64.Build.0 = Release|x64
		{E8D6DA20-0007-45EC-BCA2-C016648595C6}.Release|x86.ActiveCfg = Release|Win32
		{E8D6DA20-0007-45EC-BCA2-C016648595C6}.Release|x86.Build.0 = Release|Win32
		{9061049A-9823-4AF4-AB5A-596474F55472}.Debug|x64.ActiveCfg = Debug|x64
		{9061049A-9823-4AF4-AB5A-596474F55472}.Debug|x64.Build.0 = Debug|x64
		{9061049A-9823-4AF4-AB5A-596474F55472}.Debug|x86.ActiveCfg = Debug|Win32
		{9061049A-9823-4AF4-AB5A-596474F55472}.Debug|x86.Build.0 = Debug|Win32
		{9061049A-9823-4AF4-AB5A-596474F55472}.Release|x64.ActiveCfg = Release|x64
		{9061049A-9823-4AF4-AB5A-596474F55472}.Release|x64.Build.0 = Release|x64
		{9061049A-9823-4AF4-AB5A-596474F55472}.Release|x86.ActiveCfg = Release|Win32
		{9061049A-9823-4AF4-AB5A-596474F55472}.Release|x86.Build.0 = Release|Win32
		{B6C07E49-3465-4986-A970-69165E462908}.Debug|x64.ActiveCfg = Debug|x64
		{B6C07E49-3465-4986-A970-69165E462908}.Debug|x64.Build.0 = Debug|x64
		{B6C07E49-3465-4986-A970-69165E462908}.Debug|x86.ActiveCfg = Debug|Win32
		{B6C07E49-3465-4986-A970-69165E462908}.Debug|x86.Build.0 = Debug|Win32
		{B6C07E49-3465-4986-A970-69165E462908}.Release|x64.ActiveCfg = Release|x64
		{B6C07E49-3465-4986-A970-69165E462908}.Release|x64.Build.0 = Release|x64
		{B6C07E49-3465-4986-A970-69165E462908}.Release|x86.ActiveCfg = Release|Win32
		{B6C07E49-3465-4986-A970-69165E462908}.Release|x86.Build.0 = Release|Win32
		{D1ED2023-3A18-42AE-890F-E1F13222CBA4}.Debug|x64.ActiveCfg = Debug|x64
		{D1ED2023-3A18-42AE-890F-E1F13222CBA4}.Debug|x64.Build.0 = Debug|x64
		{D1ED2023-3A18-42AE-890F-E1F13222CBA4}.Debug|x86.ActiveCfg = Debug|Win32
		{D1ED2023-3A18-42AE-890F-E1F13222CBA4}.Debug|x86.Build.0 = Debug|Win32
		{D1ED2023-3A18-42AE-890F-E1F13222CBA4}.Release|x64.ActiveCfg = Release|x64
		{D1ED2023-3A18-42AE-890F-E1F13222CBA4}.Release|x64.Build.0 = Release|x64
		{D1ED2023-3A18-42AE-890F-E1F13222CBA4}.Release|x86.ActiveCfg = Release|Win32
		{D1ED2023-3A18-42AE-890F-E1F13222CBA4}.Release|x86.Build.0 = Release|Win32
		{E7A43DD1-54BF-4D8D-AC6A-9BB09BDA81B6}.Debug|x64.ActiveCfg = Debug|x64
		{E7A43DD1-54BF-4D8D-AC6A-9BB09BDA81B6}.Debug|x64.Build.0 = Debug|x64
		{E7A43DD1-54BF-4D8D-AC6A-9BB09BDA81B6}.Debug|x86.ActiveCfg = Debug|Win32
		{E7A43DD1-54BF-4D8D-AC6A-9BB09BDA81B6}.Debug|x86.Build.0 = Debug|Win32
		{E7A43DD1-54BF-4D8D-AC6A-9BB09BDA81B6}.Release|x64.ActiveCfg = Release|x64
		{E7A43DD1-54BF-4D8D-AC6A-9BB09BDA81B6}.Release|x64.Build.0 = Release|x64
		{E7A43DD1-54BF-4D8D-AC6A-9BB09BDA81B6}.Release|x86.ActiveCfg = Release|Win32
		{E7A43DD1-54BF-4D8D-AC6A-9BB09BDA81B6}.Release|x86.Build.0 = Release|Win32
		{05EF28D3-5CD4-4735-BAA2-A086AF0C7DCC}.Debug|x64.ActiveCfg = Debug|x64
		{05EF28D3-5CD4-4735-BAA2-A086AF0C7DCC}.Debug|x64.Build.0 = Debug|x64
		{05EF28D3-5CD4-4735-BAA2-A086AF0C7DCC}.Debug|x86.ActiveCfg = Debug|Win32
		{05EF28D3-5CD4-4735-BAA2-A086AF0C7DCC}.Debug|x86.Build.0 = Debug|Win32
		{05EF28D3-5CD4-4735-BAA2-A086AF0C7DCC}.Release|x64.ActiveCfg = Release|x64
		{05EF28D3-5CD4-4735-BAA2-A086AF0C7DCC}.Release|x64.Build.0 = Release|x64
		{05EF28D3-5CD4-4735-BAA2-A086AF0C7DCC}.Release|x86.ActiveCfg = Release|Win32
		{05EF28D3-5CD4-4735-BAA2-A086AF0C7DCC}.Release|x86.Build.0 = Release|Win32
		{7C1A2054-6DAE-4825-BC14-45F08C9C7B78}.Debug|x64.ActiveCfg = Debug|x64
		{7C1A2054-6DAE-4825-BC14-45F08C9C7B78}.Debug|x64.Build.0 = Debug|x64
		{7C1A2054-6DAE-4825-BC14-45F08C9C7B78}.Debug|x86.ActiveCfg = Debug|Win32
		{7C1A2054-6DAE-4825-BC14-45F08C9C7B78}.Debug|x86.Build.0 = Debug|Win32
		{7C1A2054-6DAE-4825-BC14-45F08C9C7B78}.Release|x64.ActiveCfg = Release|x64
		{7C1A2054-6DAE-4825-BC14-45F08C9C7B78}.Release|x64.Build.0 = Release|x64
		{7C1A2054-6DAE-4825-BC14-45F08C9C7B78}.Release|x86.ActiveCfg = Release|Win32
		{7C1A2054-6DAE-4825-BC14-45F08C9C7B78}.Release|x86.Build.0 = Release|Win32
		{B17A472F-CA9B-4491-8182-BFE9F67569EE}.Debug|x64.ActiveCfg = Debug|x64
		{B17A472F-CA9B-4491-8182-BFE9F67569EE}.Debug|x64.Build.0 = Debug|x64
		{B17A472F-CA9B-4491-8182-BFE9F67569EE}.Debug|x86.ActiveCfg = Debug|Win32
		{B17A472F-CA9B-4491-8182-BFE9F67569EE}.Debug|x86.Build.0 = Debug|Win32
		{B17A472F-CA9B-4491-8182-BFE9F67569EE}.Release|x64.ActiveCfg = Release|x64
		{B17A472F-CA9B-4491-8182-BFE9F67569EE}.Release|x64.Build.0 = Release|x64
		{B17A472F-CA9B-4491-8182-BFE9F67569EE}.Release|x86.ActiveCfg = Release|Win32
		{B17A472F-CA9B-4491-8182-BFE9F67569EE}.Release|x86.Build.0 = Release|Win32
		{2AA50576-3764-4B46-8418-8A7E3B702BAD}.Debug|x64.ActiveCfg = Debug|x64
		{2AA50576-3764-4B46-8418-8A7E3B702BAD}.Debug|x64.Build.0 = Debug|x64
		{2AA50576-3764-4B46-8418-8A7E3B702BAD}.Debug|x86.ActiveCfg = Debug|Win32
		{2AA50576-3764-4B46-8418-8A7E3B702BAD}.Debug|x86.Build.0 = Debug|Win32
		{2AA50576-3764-4B46-8418-8A7E3B702BAD}.Release|x64.ActiveCfg = Release|x64
		{2AA50576-3764-4B46-8418-8A7E3B702BAD}.Release|x64.Build.0 = Release|x64
		{2AA50576-3764-4B46-8418-8A7E3B702BAD}.Release|x86.ActiveCfg = Release|Win32
		{2AA50576-3764-4B46-8418-8A7E3B702BAD}.Release|x86.Build.0 = Release|Win32
		{77C3CF5D-E581-4B44-941C-5B3FA0A26FC3}.Debug|x64.ActiveCfg = Debug|x64
		{77C3CF5D-E581-4B44-941C-5B3FA0A26FC3}.Debug|x64.Build.0 = Debug|x64
		{77C3CF5D-E581-4B44-941C-5B3FA0A26FC3}.Debug|x86.ActiveCfg = Debug|Win32
		{77C3CF5D-E581-4B44-941C-5B3FA0A26FC3}.Debug|x86.Build.0 = Debug|Win32
		{77C3CF5D-E581-4B44-941C-5B3FA0A26FC3}.Release|x64.ActiveCfg = Release|x64
		{77C3CF5D-E581-4B44-941C-5B3FA0A26FC3}.Release|x64.Build.0 = Release|x64
		{77C3CF5D-E581-4B44-941C-5B3FA0A26FC3}.Release|x86.ActiveCfg = Release|Win32
		{77C3CF5D-E581-4B44-941C-5B3FA0A26FC3}.Release|x86.Build.0 = Release|Win32
		{399C8AC7-C462-4340-9BCB-5D9BE9AC86A9}.Debug|x64.ActiveCfg = Debug|x64
		{399C8AC7-C462-4340-9BCB-5D9BE9AC86A9}.Debug|x64.Build.0 = Debug|x64
		{399C8AC7-C462-4340-9BCB-5D9BE9AC86A9}.Debug|x86.ActiveCfg = Debug|Win32
		{399C8AC7-C462-4340-9BCB-5D9BE9AC86A9}.Debug|x86.Build.0 = Debug|Win32
		{399C8AC7-C462-4340-9BCB-5D9BE9AC86A9}.Release|x64.ActiveCfg = Release|x64
		{399C8AC7-C462-4340-9BCB-5D9BE9AC86A9}.Release|x64.Build.0 = Release|x64
		{399C8AC7-C462-4340-9BCB-5D9BE9AC86A9}.Release|x86.ActiveCfg = Release|Win32
		{399C8AC7-C462-4340-9BCB-5D9BE9AC86A9}.Release|x86.Build.0 = Release|Win32
		{DA3DBA66-816C-40D4-A7C5-4CA40F692D3B}.Debug|x64.ActiveCfg = Debug|x64
		{DA3DBA66-816C-40D4-A7C5-4CA40F692D3B}.Debug|x64.Build.0 = Debug|x64
		{DA3DBA66-816C-40D4-A7C5-4CA40F692D3B}.Debug|x86.ActiveCfg = Debug|Win32
		{DA3DBA66-816C-40D4-A7C5-4CA40F692D3B}.Debug|x86.Build.0 = Debug|Win32
		{DA3DBA66-816C-40D4-A7C5-4CA40F692D3B}.Release|x64.ActiveCfg = Release|x64
		{DA3DBA66-816C-40D4-A7C5-4CA40F692D3B}.Release|x64.Build.0 = Release|x64
		{DA3DBA66-816C-40D4-A7C5-4CA40F692D3B}.Release|x86.ActiveCfg = Release|Win32
		{DA3DBA66-816C-40D4-A7C5-4CA40F692D3B}.Release|x86.Build.0 = Release|Win32
		{32F5E091-F2C0-4D4E-A7E4-3785F316AE18}.Debug|x64.ActiveCfg = Debug|x64
		{32F5E091-F2C0-4D4E-A7E4-3785F316AE18}.Debug|x64.Build.0 = Debug|x64
		{32F5E091-F2C0-4D4E-A7E4-3785F316AE18}.Debug|x86.ActiveCfg = Debug|Win32
		{32F5E091-F2C0-4D4E-A7E4-3785F316AE18}.Debug|x86.Build.0 = Debug|Win32
		{32F5E091-F2C0-4D4E-A7E4-3785F316AE18}.Release|x64.ActiveCfg = Release|x64
		{32F5E091-F2C0-4D4E-A7E4-3785F316AE18}.Release|x64.Build.0 = Release|x64
		{32F5E091-F2C0-4D4E-A7E4-3785F316AE18}.Release|x86.ActiveCfg = Release|Win32
		{32F5E091-F2C0-4D4E-A7E4-3785F316AE18}.Release|x86.Build.0 = Release|Win32
		{6D7EAD6A-01A9-48E0-AF9C-1AA66B458C1A}.Debug|x64.ActiveCfg = Debug|x64
		{6D7EAD6A-01A9-48E0-AF9C-1AA66B458C1A}.Debug|x64.Build.0 = Debug|x64
		{6D7EAD6A-01A9-48E0-AF9C-1AA66B458C1A}.Debug|x86.ActiveCfg = Debug|Win32
		{6D7EAD6A-01A9-48E0-AF9C-1AA66B458C1A}.Debug|x86.Build.0 = Debug|Win32
		{6D7EAD6A-01A9-48E0-AF9C-1AA66B458C1A}.Release|x64.ActiveCfg = Release|x64
		{6D7EAD6A-01A9-48E0-AF9C-1AA66B458C1A}.Release|x64.Build.0 = Release|x64
		{6D7EAD6A-01A9-48E0-AF9C-1AA66B458C1A}.Release|x86.ActiveCfg = Release|Win32
		{6D7EAD6A-01A9-48E0-AF9C-1AA66B458C1A}.Release|x86.Build.0 = Release|Win32
		{A08FE8DC-1E6D-4F9E-BA3A-3B046F8B4B40}.Debug|x64.ActiveCfg = Debug|x64
		{A08FE8DC-1E6D-4F9E-BA3A-3B046F8B4B40}.Debug|x64.Build.0 = Debug|x64
		{A08FE8DC-1E6D-4F9E-BA3A-3B046F8B4B40}.Debug|x86.ActiveCfg = Debug|Win32
		{A08FE8DC-1E6D-4F9E-BA3A-3B046F8B4B40}.Debug|x86.Build.0 = Debug|Win32
		{A08FE8DC-1E6D-4F9E-BA3A-3B046F8B4B40}.Release|x64.ActiveCfg = Release|x64
		{A08FE8DC-1E6D-4F9E-BA3A-3B046F8B4B40}.Release|x64.Build.0 = Release|x64
		{A08FE8DC-1E6D-4F9E-BA3A-3B046F8B4B40}.Release|x86.ActiveCfg = Release|Win32
		{A08FE8DC-1E6D-4F9E-BA3A-3B046F8B4B40}.Release|x86.Build.0 = Release|Win32
		{C63A31B7-EC7D-4387-B85B-2A10F39AA550}.Debug|x64.ActiveCfg = Debug|x64
		{C63A31B7-EC7D-4387-B85B-2A10F39AA550}.Debug|x64.Build.0 = Debug|x64
		{C63A31B7-EC7D-4387-B85B-2A10F39AA550}.Debug|x86.ActiveCfg = Debug|Win32
		{C63A31B7-EC7D-4387-B85B-2A10F39AA550}.Debug|x86.Build.0 = Debug|Win32
		{C63A31B7-EC7D-4387-B85B-2A10F39AA550}.Release|x64.ActiveCfg = Release|x64
		{C63A31B7-EC7D-4387-B85B-2A10F39AA550}.Release|x64.Build.0 = Release|x64
		{C63A31B7-EC7D-4387-B85B-2A10F39AA550}.Release|x86.ActiveCfg = Release|Win32
		{C63A31B7-EC7D-4387-B85B-2A10F39AA550}.Release|x86.Build.0 = Release|Win32
		{855D4448-49B2-4254-9B2C-89235739F575}.Debug|x64.ActiveCfg = Debug|x64
		{855D4448-49B2-4254-9B2C-89235739F575}.Debug|x64.Build.0 = Debug|x64
		{855D4448-49B2-4254-9B2C-89235739F575}.Debug|x86.ActiveCfg = Debug|Win32
		{855D4448-49B2-4254-9B2C-89235739F575}.Debug|x86.Build.0 = Debug|Win32
		{855D4448-49B2-4254-9B2C-89235739F575}.Release|x64.ActiveCfg = Release|x64
		{855D4448-49B2-4254-9B2C-89235739F575}.Release|x64.Build.0 = Release|x64
		{855D4448-49B2-4254-9B2C-89235739F575}.Release|x86.ActiveCfg = Release|Win32
		{855D4448-49B2-4254-9B2C-89235739F575}.Release|x86.Build.0 = Release|Win32
		{7A916C04-7561-4B61-9984-1F9E0C72449B}.Debug|x64.ActiveCfg = Debug|x64
		{7A916C04-7561-4B61-9984-1F9E0C72449B}.Debug|x64.Build.0 = Debug|x64
		{7A916C04-7561-4B61-9984-1F9E0C72449B}.Debug|x86.ActiveCfg = Debug|Win32
		{7A916C04-7561-4B61-9984-1F9E0C72449B}.Debug|x86.Build.0 = Debug|Win32
		{7A916C04-7561-4B61-9984-1F9E0C72449B}.Release|x64.ActiveCfg = Release|x64
		{7A916C04-7561-4B61-9984-1F9E0C72449B}.Release|x64.Build.0 = Release|x64
		{7A916C04-7561-4B61-9984-1F9E0C72449B}.Release|x86.ActiveCfg = Release|Win32
		{7A916C04-7561-4B61-9984-1F9E0C72449B}.Release|x86.Build.0 = Release|Win32
		{9D534668-DF03-4578-9CEA-37F14D6FAA47}.Debug|x64.ActiveCfg = Debug|x64
		{9D534668-DF03-4578-9CEA-37F14D6FAA47}.Debug|x64.Build.0 = Debug|x64
		{9D534668-DF03-4578-9CEA-37F14D6FAA47}.Debug|x86.ActiveCfg = Debug|Win32
		{9D534668-DF03-4578-9CEA-37F14D6FAA47}.Debug|x86.Build.0 = Debug|Win32
		{9D534668-DF03-4578-9CEA-37F14D6FAA47}.Release|x64.ActiveCfg = Release|x64
		{9D534668-DF03-4578-9CEA-37F14D6FAA47}.Release|x64.Build.0 = Release|x64
		{9D534668-DF03-4578-9CEA-37F14D6FAA47}.Release|x86.ActiveCfg = Release|Win32
		{9D534668-DF03-4578-9CEA-37F14D6FAA47}.Release|x86.Build.0 = Release|Win32
		{7345AEEF-B355-4BD9-A575-F891F41CEBED}.Debug|x64.ActiveCfg = Debug|x64
		{7345AEEF-B355-4BD9-A575-F891F41CEBED}.Debug|x64.Build.0 = Debug|x64
		{7345AEEF-B355-4BD9-A575-F891F41CEBED}.Debug|x86.ActiveCfg = Debug|Win32
		{7345AEEF-B355-4BD9-A575-F891F41CEBED}.Debug|x86.Build.0 = Debug|Win32
		{7345AEEF-B355-4BD9-A575-F891F41CEBED}.Release|x64.ActiveCfg = Release|x64
		{7345AEEF-B355-4BD9-A575-F891F41CEBED}.Release|x64.Build.0 = Release|x64
		{7345AEEF-B355-4BD9-A575-F891F41CEBED}.Release|x86.ActiveCfg = Release|Win32
		{7345AEEF-B355-4BD9-A575-F891F41CEBED}.Release|x86.Build.0 = Release|Win32
		{677974B3-9A7D-4ACC-9E7A-5B4E582A1E54}.Debug|x64.ActiveCfg = Debug|x64
		{677974B3-9A7D-4ACC-9E7A-5B4E582A1E54}.Debug|x64.Build.0 = Debug|x64
		{677974B3-9A7D-4ACC-9E7A-5B4E582A1E54}.Debug|x86.ActiveCfg = Debug|Win32
		{677974B3-9A7D-4ACC-9E7A-5B4E582A1E54}.Debug|x86.Build.0 = Debug|Win32
		{677974B3-9A7D-4ACC-9E7A-5B4E582A1E54}.Release|x64.ActiveCfg = Release|x64
		{677974B3-9A7D-4ACC-9E7A-5B4E582A1E54}.Release|x64.Build.0 = Release|x64
		{677974B3-9A7D-4ACC-9E7A-5B4E582A1E54}.Release|x86.ActiveCfg = Release|Win32
		{677974B3-9A7D-4ACC-9E7A-5B4E582A1E54}.Release|x86.Build.0 = Release|Win32
		{4ED4643A-5A60-4657-B2CE-38187D648465}.Debug|x64.ActiveCfg = Debug|x64
		{4ED4643A-5A60-4657-B2CE-38187D648465}.Debug|x64.Build.0 = Debug|x64
		{4ED4643A-5A60-4657-B2CE-38187D648465}.Debug|x86.ActiveCfg = Debug|Win32
		{4ED4643A-5A60-4657-B2CE-38187D648465}.Debug|x86.Build.0 = Debug|Win32
		{4ED4643A-5A60-4657-B2CE-38187D648465}.Release|x64.ActiveCfg = Release|x64
		{4ED4643A-5A60-4657-B2CE-38187D648465}.Release|x64.Build.0 = Release|x64
		{4ED4643A-5A60-4657-B2CE-38187D648465}.Release|x86.ActiveCfg = Release|Win32
		{4ED4643A-5A60-4657-B2CE-38187D648465}.Release|x86.Build.0 = Release|Win32
		{7C5728B8-86AB-449E-BC2C-0FE5F165F241}.Debug|x64.ActiveCfg = Debug|x64
		{7C5728B8-86AB-449E-BC2C-0FE5F165F241}.Debug|x64.Build.0 = Debug|x64
		{7C5728B8-86AB-449E-BC2C-0FE5F165F241}.Debug|x86.ActiveCfg = Debug|Win32
		{7C5728B8-86AB-449E-BC2C-0FE5F165F241}.Debug|x86.Build.0 = Debug|Win32
		{7C5728B8-86AB-449E-BC2C-0FE5F165F241}.Release|x64.ActiveCfg = Release|x64
		{7C5728B8-86AB-449E-BC2C-0FE5F165F241}.Release|x64.Build.0 = Release|x64
		{7C5728B8-86AB-449E-BC2C-0FE5F165F241}.Release|x86.ActiveCfg = Release|Win32
		{7C5728B8-86AB-449E-BC2C-0FE5F165F241}.Release|x86.Build.0 = Release|Win32
		{B4DC8185-D58A-4BBE-8855-A1B9292EDE67}.Debug|x64.ActiveCfg = Debug|x64
		{B4DC8185-D58A-4BBE-8855-A1B9292EDE67}.Debug|x64.Build.0 = Debug|x64
		{B4DC8185-D58A-4BBE-8855-A1B9292EDE67}.Debug|x86.ActiveCfg = Debug|Win32
		{B4DC8185-D58A-4BBE-8855-A1B9292EDE67}.Debug|x86.Build.0 = Debug|Win32
		{B4DC8185-D58A-4BBE-8855-A1B9292EDE67}.Release|x64.ActiveCfg = Release|x64
		{B4DC8185-D58A-4BBE-8855-A1B9292EDE67}.Release|x64.Build.0 = Release|x64
		{B4DC8185-D58A-4BBE-8855-A1B9292EDE67}.Release|x86.ActiveCfg = Release|Win32
		{B4DC8185-D58A-4BBE-8855-A1B9292EDE67}.Release|x86.Build.0 = Release|Win32
		{4F086C5C-7C20-4439-B954-658FD36EE5C1}.Debug|x64.ActiveCfg = Debug|x64
		{4F086C5C-7C20-4439-B954-658FD36EE5C1}.Debug|x64.Build.0 = Debug|x64
		{4F086C5C-7C20-4439-B954-658FD36EE5C1}.Debug|x86.ActiveCfg = Debug|Win32
		{4F086C5C-7C20-4439-B954-658FD36EE5C1}.Debug|x86.Build.0 = Debug|Win32
		{4F086C5C-7C20-4439-B954-658FD36EE5C1}.Release|x64.ActiveCfg = Release|x64
		{4F086C5C-7C20-4439-B954-658FD36EE5C1}.Release|x64.Build.0 = Release|x64
		{4F086C5C-7C20-4439-B954-658FD36EE5C1}.Release|x86.ActiveCfg = Release|Win32
		{4F086C5C-7C20-4439-B954-658FD36EE5C1}.Release|x86.Build.0 = Release|Win32
		{409B0548-D42F-4610-8A81-40810C6DD1C3}.Debug|x64.ActiveCfg = Debug|x64
		{409B0548-D42F-4610-8A81-40810C6DD1C3}.Debug|x64.Build.0 = Debug|x64
		{409B0548-D42F-4610-8A81-40810C6DD1C3}.Debug|x86.ActiveCfg = Debug|Win32
		{409B0548-D42F-4610-8A81-40810C6DD1C3}.Debug|x86.Build.0 = Debug|Win32
		{409B0548-D42F-4610-8A81-40810C6DD1C3}.Release|x64.ActiveCfg = Release|x64
		{409B0548-D42F-4610-8A81-40810C6DD1C3}.Release|x64.Build.0 = Release|x64
		{409B0548-D42F-4610-8A81-40810C6DD1C3}.Release|x86.ActiveCfg = Release|Win32
		{409B0548-D42F-4610-8A81-40810C6DD1C3}.Release|x86.Build.0 = Release|Win32
		{6AC99F08-8FEB-4391-BA22-B80D0AE42355}.Debug|x64.ActiveCfg = Debug|x64
		{6AC99F08-8FEB-4391-BA22-B80D0AE42355}.Debug|x64.Build.0 = Debug|x64
		{6AC99F08-8FEB-4391-BA22-B80D0AE42355}.Debug|x86.ActiveCfg = Debug|Win32
		{6AC99F08-8FEB-4391-BA22-B80D0AE42355}.Debug|x86.Build.0 = Debug|Win32
		{6AC99F08-8FEB-4391-BA22-B80D0AE42355}.Release|x64.ActiveCfg = Release|x64
		{6AC99F08-8FEB-4391-BA22-B80D0AE42355}.Release|x64.Build.0 = Release|x64
		{6AC99F08-8FEB-4391-BA22-B80D0AE42355}.Release|x86.ActiveCfg = Release|Win32
		{6AC99F08-8FEB-4391-BA22-B80D0AE42355}.Release|x86.Build.0 = Release|Win32
		{48E126B3-5E35-46E1-9D50-110FB99F127C}.Debug|x64.ActiveCfg = Debug|x64
		{48E126B3-5E35-46E1-9D50-110FB99F127C}.Debug|x64.Build.0 = Debug|x64
		{48E126B3-5E35-46E1-9D50-110FB99F127C}.Debug|x86.ActiveCfg = Debug|Win32
		{48E126B3-5E35-46E1-9D50-110FB99F127C}.Debug|x86.Build.0 = Debug|Win32
		{48E126B3-5E35-46E1-9D50-110FB99F127C}.Release|x64.ActiveCfg = Release|x64
		{48E126B3-5E35-46E1-9D50-110FB99F127C}.Release|x64.Build.0 = Release|x64
		{48E126B3-5E35-46E1-9D50-110FB99F127C}.Release|x86.ActiveCfg = Release|Win32
		{48E126B3-5E35-46E1-9D50-110FB99F127C}.Release|x86.Build.0 = Release|Win32
		{168C2462-0BF7-4F34-B716-3E0F51C56704}.Debug|x64.ActiveCfg = Debug|x64
		{168C2462-0BF7-4F34-B716-3E0F51C56704}.Debug|x64.Build.0 = Debug|x64
		{168C2462-0BF7-4F34-B716-3E0F51C56704}.Debug|x86.ActiveCfg = Debug|Win32
		{168C2462-0BF7-4F34-B716-3E0F51C56704}.Debug|x86.Build.0 = Debug|Win32
		{168C2462-0BF7-4F34-B716-3E0F51C56704}.Release|x64.ActiveCfg = Release|x64
		{168C2462-0BF7-4F34-B716-3E0F51C56704}.Release|x64.Build.0 = Release|x64
		{168C2462-0BF7-4F34-B716-3E0F51C56704}.Release|x86.ActiveCfg = Release|Win32
		{168C2462-0BF7-4F34-B716-3E0F51C56704}.Release|x86.Build.0 = Release|Win32
		{A00A9F00-1B9D-440B-BBB9-0EB1A497980A}.Debug|x64.ActiveCfg = Debug|x64
		{A00A9F00-1B9D-440B-BBB9-0EB1A497980A}.Debug|x64.Build.0 = Debug|x64
		{A00A9F00-1B9D-440B-BBB9-0EB1A497980A}.Debug|x86.ActiveCfg = Debug|Win32
		{A00A9F00-1B9D-440B-BBB9-0EB1A497980A}.Debug|x86.Build.0 = Debug|Win32
		{A00A9F00-1B9D-440B-BBB9-0EB1A497980A}.Release|x64.ActiveCfg = Release|x64
		{A00A9F00-1B9D-440B-BBB9-0EB1A497980A}.Release|x64.Build.0 = Release|x64
		{A00A9F00-1B9D-440B-BBB9-0EB1A497980A}.Release|x86.ActiveCfg = Release|Win32
		{A00A9F00-1B9D-440B-BBB9-0EB1A497980A}.Release|x86.Build.0 = Release|Win32
	EndGlobalSection
	GlobalSection(SolutionProperties) = preSolution
		HideSolutionNode = FALSE
	EndGlobalSection
	GlobalSection(ExtensibilityGlobals) = postSolution
		SolutionGuid = {5E90C2ED-088C-434C-AC23-CB37005FDD2D}
	EndGlobalSection
EndGlobal
